
Microsoft Visual Studio Solution File, Format Version 12.00
# Visual Studio Version 17
VisualStudioVersion = 17.14.36121.58 d17.14
MinimumVisualStudioVersion = 10.0.40219.1
Project("{FAE04EC0-301F-11D3-BF4B-00C04F79EFBC}") = "PartsInventoryManager", "PartsInventoryManager\PartsInventoryManager.csproj", "{B918BA5A-7E96-4155-B675-FC35842A279A}"
EndProject
Global
	GlobalSection(SolutionConfigurationPlatforms) = preSolution
		Debug|Any CPU = Debug|Any CPU
		Release|Any CPU = Release|Any CPU
	EndGlobalSection
	GlobalSection(ProjectConfigurationPlatforms) = postSolution
		{B918BA5A-7E96-4155-B675-FC35842A279A}.Debug|Any CPU.ActiveCfg = Debug|Any CPU
		{B918BA5A-7E96-4155-B675-FC35842A279A}.Debug|Any CPU.Build.0 = Debug|Any CPU
		{B918BA5A-7E96-4155-B675-FC35842A279A}.Release|Any CPU.ActiveCfg = Release|Any CPU
		{B918BA5A-7E96-4155-B675-FC35842A279A}.Release|Any CPU.Build.0 = Release|Any CPU
	EndGlobalSection
	GlobalSection(SolutionProperties) = preSolution
		HideSolutionNode = FALSE
	EndGlobalSection
	GlobalSection(ExtensibilityGlobals) = postSolution
		SolutionGuid = {83FCB6C9-B9BE-4F58-A4ED-899089950556}
	EndGlobalSection
EndGlobal
